
Microsoft Visual Studio Solution File, Format Version 12.00
# Visual Studio Version 17
VisualStudioVersion = 17.7.34031.279
MinimumVisualStudioVersion = 10.0.40219.1
Project("{FAE04EC0-301F-11D3-BF4B-00C04F79EFBC}") = "lab2", "lab2.csproj", "{C242DCD2-A382-4710-A85F-A67AE1661457}"
EndProject
Global
	GlobalSection(SolutionConfigurationPlatforms) = preSolution
		Debug|Any CPU = Debug|Any CPU
		Release|Any CPU = Release|Any CPU
	EndGlobalSection
	GlobalSection(ProjectConfigurationPlatforms) = postSolution
		{C242DCD2-A382-4710-A85F-A67AE1661457}.Debug|Any CPU.ActiveCfg = Debug|Any CPU
		{C242DCD2-A382-4710-A85F-A67AE1661457}.Debug|Any CPU.Build.0 = Debug|Any CPU
		{C242DCD2-A382-4710-A85F-A67AE1661457}.Release|Any CPU.ActiveCfg = Release|Any CPU
		{C242DCD2-A382-4710-A85F-A67AE1661457}.Release|Any CPU.Build.0 = Release|Any CPU
	EndGlobalSection
	GlobalSection(SolutionProperties) = preSolution
		HideSolutionNode = FALSE
	EndGlobalSection
	GlobalSection(ExtensibilityGlobals) = postSolution
		SolutionGuid = {EE46B805-905B-4C61-9C40-AE610623A27F}
	EndGlobalSection
EndGlobal
